
Microsoft Visual Studio Solution File, Format Version 12.00
# Visual Studio Version 16
VisualStudioVersion = 16.0.28803.352
MinimumVisualStudioVersion = 10.0.40219.1
Project("{9A19103F-16F7-4668-BE54-9A1E7A4F7556}") = "Turtle", "Turtle\Turtle.csproj", "{2060689E-70D7-4A46-A405-782931EDF995}"
EndProject
Project("{FAE04EC0-301F-11D3-BF4B-00C04F79EFBC}") = "Turtle.Test", "Turtle.Test\Turtle.Test.csproj", "{56B401DE-C621-4658-A767-EF2C7E3290FA}"
EndProject
Global
	GlobalSection(SolutionConfigurationPlatforms) = preSolution
		Debug|Any CPU = Debug|Any CPU
		Release|Any CPU = Release|Any CPU
	EndGlobalSection
	GlobalSection(ProjectConfigurationPlatforms) = postSolution
		{2060689E-70D7-4A46-A405-782931EDF995}.Debug|Any CPU.ActiveCfg = Debug|Any CPU
		{2060689E-70D7-4A46-A405-782931EDF995}.Debug|Any CPU.Build.0 = Debug|Any CPU
		{2060689E-70D7-4A46-A405-782931EDF995}.Release|Any CPU.ActiveCfg = Release|Any CPU
		{2060689E-70D7-4A46-A405-782931EDF995}.Release|Any CPU.Build.0 = Release|Any CPU
		{56B401DE-C621-4658-A767-EF2C7E3290FA}.Debug|Any CPU.ActiveCfg = Debug|Any CPU
		{56B401DE-C621-4658-A767-EF2C7E3290FA}.Debug|Any CPU.Build.0 = Debug|Any CPU
		{56B401DE-C621-4658-A767-EF2C7E3290FA}.Release|Any CPU.ActiveCfg = Release|Any CPU
		{56B401DE-C621-4658-A767-EF2C7E3290FA}.Release|Any CPU.Build.0 = Release|Any CPU
	EndGlobalSection
	GlobalSection(SolutionProperties) = preSolution
		HideSolutionNode = FALSE
	EndGlobalSection
	GlobalSection(ExtensibilityGlobals) = postSolution
		SolutionGuid = {9CD6A447-DF0A-45B2-832D-7DEA32AC8DFE}
	EndGlobalSection
EndGlobal
